// !$*UTF8*$!
{
	archiveVersion = 1;
	classes = {
	};
	objectVersion = 50;
	objects = {

/* Begin PBXBuildFile section */
		92530CBF2364087E002ECF72 /* AppDelegate.swift in Sources */ = {isa = PBXBuildFile; fileRef = 92530CBE2364087E002ECF72 /* AppDelegate.swift */; };
		92530CC12364087E002ECF72 /* SceneDelegate.swift in Sources */ = {isa = PBXBuildFile; fileRef = 92530CC02364087E002ECF72 /* SceneDelegate.swift */; };
		92530CC32364087E002ECF72 /* ViewController.swift in Sources */ = {isa = PBXBuildFile; fileRef = 92530CC22364087E002ECF72 /* ViewController.swift */; };
		92530CC62364087E002ECF72 /* Main.storyboard in Resources */ = {isa = PBXBuildFile; fileRef = 92530CC42364087E002ECF72 /* Main.storyboard */; };
		92530CC823640880002ECF72 /* Assets.xcassets in Resources */ = {isa = PBXBuildFile; fileRef = 92530CC723640880002ECF72 /* Assets.xcassets */; };
		92530CCB23640880002ECF72 /* LaunchScreen.storyboard in Resources */ = {isa = PBXBuildFile; fileRef = 92530CC923640880002ECF72 /* LaunchScreen.storyboard */; };
		92530CD6236408EC002ECF72 /* CustomTabBar.swift in Sources */ = {isa = PBXBuildFile; fileRef = 92530CD5236408EC002ECF72 /* CustomTabBar.swift */; };
/* End PBXBuildFile section */

/* Begin PBXFileReference section */
		92530CBB2364087E002ECF72 /* CustomTabBarBezier.app */ = {isa = PBXFileReference; explicitFileType = wrapper.application; includeInIndex = 0; path = CustomTabBarBezier.app; sourceTree = BUILT_PRODUCTS_DIR; };
		92530CBE2364087E002ECF72 /* AppDelegate.swift */ = {isa = PBXFileReference; lastKnownFileType = sourcecode.swift; path = AppDelegate.swift; sourceTree = "<group>"; };
		92530CC02364087E002ECF72 /* SceneDelegate.swift */ = {isa = PBXFileReference; lastKnownFileType = sourcecode.swift; path = SceneDelegate.swift; sourceTree = "<group>"; };
		92530CC22364087E002ECF72 /* ViewController.swift */ = {isa = PBXFileReference; lastKnownFileType = sourcecode.swift; path = ViewController.swift; sourceTree = "<group>"; };
		92530CC52364087E002ECF72 /* Base */ = {isa = PBXFileReference; lastKnownFileType = file.storyboard; name = Base; path = Base.lproj/Main.storyboard; sourceTree = "<group>"; };
		92530CC723640880002ECF72 /* Assets.xcassets */ = {isa = PBXFileReference; lastKnownFileType = folder.assetcatalog; path = Assets.xcassets; sourceTree = "<group>"; };
		92530CCA23640880002ECF72 /* Base */ = {isa = PBXFileReference; lastKnownFileType = file.storyboard; name = Base; path = Base.lproj/LaunchScreen.storyboard; sourceTree = "<group>"; };
		92530CCC23640880002ECF72 /* Info.plist */ = {isa = PBXFileReference; lastKnownFileType = text.plist.xml; path = Info.plist; sourceTree = "<group>"; };
		92530CD5236408EC002ECF72 /* CustomTabBar.swift */ = {isa = PBXFileReference; lastKnownFileType = sourcecode.swift; path = CustomTabBar.swift; sourceTree = "<group>"; };
/* End PBXFileReference section */

/* Begin PBXFrameworksBuildPhase section */
		92530CB82364087E002ECF72 /* Frameworks */ = {
			isa = PBXFrameworksBuildPhase;
			buildActionMask = 2147483647;
			files = (
			);
			runOnlyForDeploymentPostprocessing = 0;
		};
/* End PBXFrameworksBuildPhase section */

/* Begin PBXGroup section */
		92530CB22364087E002ECF72 = {
			isa = PBXGroup;
			children = (
				92530CBD2364087E002ECF72 /* CustomTabBarBezier */,
				92530CBC2364087E002ECF72 /* Products */,
			);
			sourceTree = "<group>";
		};
		92530CBC2364087E002ECF72 /* Products */ = {
			isa = PBXGroup;
			children = (
				92530CBB2364087E002ECF72 /* CustomTabBarBezier.app */,
			);
			name = Products;
			sourceTree = "<group>";
		};
		92530CBD2364087E002ECF72 /* CustomTabBarBezier */ = {
			isa = PBXGroup;
			children = (
				92530CD32364089B002ECF72 /* Resources */,
				92530CD223640888002ECF72 /* Controllers */,
				92530CD4236408C1002ECF72 /* Storyboards */,
				92530CCC23640880002ECF72 /* Info.plist */,
			);
			path = CustomTabBarBezier;
			sourceTree = "<group>";
		};
		92530CD223640888002ECF72 /* Controllers */ = {
			isa = PBXGroup;
			children = (
				92530CC22364087E002ECF72 /* ViewController.swift */,
				92530CD5236408EC002ECF72 /* CustomTabBar.swift */,
			);
			path = Controllers;
			sourceTree = "<group>";
		};
		92530CD32364089B002ECF72 /* Resources */ = {
			isa = PBXGroup;
			children = (
				92530CBE2364087E002ECF72 /* AppDelegate.swift */,
				92530CC02364087E002ECF72 /* SceneDelegate.swift */,
				92530CC723640880002ECF72 /* Assets.xcassets */,
			);
			path = Resources;
			sourceTree = "<group>";
		};
		92530CD4236408C1002ECF72 /* Storyboards */ = {
			isa = PBXGroup;
			children = (
				92530CC42364087E002ECF72 /* Main.storyboard */,
				92530CC923640880002ECF72 /* LaunchScreen.storyboard */,
			);
			path = Storyboards;
			sourceTree = "<group>";
		};
/* End PBXGroup section */

/* Begin PBXNativeTarget section */
		92530CBA2364087E002ECF72 /* CustomTabBarBezier */ = {
			isa = PBXNativeTarget;
			buildConfigurationList = 92530CCF23640880002ECF72 /* Build configuration list for PBXNativeTarget "CustomTabBarBezier" */;
			buildPhases = (
				92530CB72364087E002ECF72 /* Sources */,
				92530CB82364087E002ECF72 /* Frameworks */,
				92530CB92364087E002ECF72 /* Resources */,
			);
			buildRules = (
			);
			dependencies = (
			);
			name = CustomTabBarBezier;
			productName = CustomTabBarBezier;
			productReference = 92530CBB2364087E002ECF72 /* CustomTabBarBezier.app */;
			productType = "com.apple.product-type.application";
		};
/* End PBXNativeTarget section */

/* Begin PBXProject section */
		92530CB32364087E002ECF72 /* Project object */ = {
			isa = PBXProject;
			attributes = {
				LastSwiftUpdateCheck = 1100;
				LastUpgradeCheck = 1100;
				ORGANIZATIONNAME = "Aman Chawla";
				TargetAttributes = {
					92530CBA2364087E002ECF72 = {
						CreatedOnToolsVersion = 11.0;
					};
				};
			};
			buildConfigurationList = 92530CB62364087E002ECF72 /* Build configuration list for PBXProject "CustomTabBarBezier" */;
			compatibilityVersion = "Xcode 9.3";
			developmentRegion = en;
			hasScannedForEncodings = 0;
			knownRegions = (
				en,
				Base,
			);
			mainGroup = 92530CB22364087E002ECF72;
			productRefGroup = 92530CBC2364087E002ECF72 /* Products */;
			projectDirPath = "";
			projectRoot = "";
			targets = (
				92530CBA2364087E002ECF72 /* CustomTabBarBezier */,
			);
		};
/* End PBXProject section */

/* Begin PBXResourcesBuildPhase section */
		92530CB92364087E002ECF72 /* Resources */ = {
			isa = PBXResourcesBuildPhase;
			buildActionMask = 2147483647;
			files = (
				92530CCB23640880002ECF72 /* LaunchScreen.storyboard in Resources */,
				92530CC823640880002ECF72 /* Assets.xcassets in Resources */,
				92530CC62364087E002ECF72 /* Main.storyboard in Resources */,
			);
			runOnlyForDeploymentPostprocessing = 0;
		};
/* End PBXResourcesBuildPhase section */

/* Begin PBXSourcesBuildPhase section */
		92530CB72364087E002ECF72 /* Sources */ = {
			isa = PBXSourcesBuildPhase;
			buildActionMask = 2147483647;
			files = (
				92530CD6236408EC002ECF72 /* CustomTabBar.swift in Sources */,
				92530CC32364087E002ECF72 /* ViewController.swift in Sources */,
				92530CBF2364087E002ECF72 /* AppDelegate.swift in Sources */,
				92530CC12364087E002ECF72 /* SceneDelegate.swift in Sources */,
			);
			runOnlyForDeploymentPostprocessing = 0;
		};
/* End PBXSourcesBuildPhase section */

/* Begin PBXVariantGroup section */
		92530CC42364087E002ECF72 /* Main.storyboard */ = {
			isa = PBXVariantGroup;
			children = (
				92530CC52364087E002ECF72 /* Base */,
			);
			name = Main.storyboard;
			sourceTree = "<group>";
		};
		92530CC923640880002ECF72 /* LaunchScreen.storyboard */ = {
			isa = PBXVariantGroup;
			children = (
				92530CCA23640880002ECF72 /* Base */,
			);
			name = LaunchScreen.storyboard;
			sourceTree = "<group>";
		};
/* End PBXVariantGroup section */

/* Begin XCBuildConfiguration section */
		92530CCD23640880002ECF72 /* Debug */ = {
			isa = XCBuildConfiguration;
			buildSettings = {
				ALWAYS_SEARCH_USER_PATHS = NO;
				CLANG_ANALYZER_NONNULL = YES;
				CLANG_ANALYZER_NUMBER_OBJECT_CONVERSION = YES_AGGRESSIVE;
				CLANG_CXX_LANGUAGE_STANDARD = "gnu++14";
				CLANG_CXX_LIBRARY = "libc++";
				CLANG_ENABLE_MODULES = YES;
				CLANG_ENABLE_OBJC_ARC = YES;
				CLANG_ENABLE_OBJC_WEAK = YES;
				CLANG_WARN_BLOCK_CAPTURE_AUTORELEASING = YES;
				CLANG_WARN_BOOL_CONVERSION = YES;
				CLANG_WARN_COMMA = YES;
				CLANG_WARN_CONSTANT_CONVERSION = YES;
				CLANG_WARN_DEPRECATED_OBJC_IMPLEMENTATIONS = YES;
				CLANG_WARN_DIRECT_OBJC_ISA_USAGE = YES_ERROR;
				CLANG_WARN_DOCUMENTATION_COMMENTS = YES;
				CLANG_WARN_EMPTY_BODY = YES;
				CLANG_WARN_ENUM_CONVERSION = YES;
				CLANG_WARN_INFINITE_RECURSION = YES;
				CLANG_WARN_INT_CONVERSION = YES;
				CLANG_WARN_NON_LITERAL_NULL_CONVERSION = YES;
				CLANG_WARN_OBJC_IMPLICIT_RETAIN_SELF = YES;
				CLANG_WARN_OBJC_LITERAL_CONVERSION = YES;
				CLANG_WARN_OBJC_ROOT_CLASS = YES_ERROR;
				CLANG_WARN_RANGE_LOOP_ANALYSIS = YES;
				CLANG_WARN_STRICT_PROTOTYPES = YES;
				CLANG_WARN_SUSPICIOUS_MOVE = YES;
				CLANG_WARN_UNGUARDED_AVAILABILITY = YES_AGGRESSIVE;
				CLANG_WARN_UNREACHABLE_CODE = YES;
				CLANG_WARN__DUPLICATE_METHOD_MATCH = YES;
				COPY_PHASE_STRIP = NO;
				DEBUG_INFORMATION_FORMAT = dwarf;
				ENABLE_STRICT_OBJC_MSGSEND = YES;
				ENABLE_TESTABILITY = YES;
				GCC_C_LANGUAGE_STANDARD = gnu11;
				GCC_DYNAMIC_NO_PIC = NO;
				GCC_NO_COMMON_BLOCKS = YES;
				GCC_OPTIMIZATION_LEVEL = 0;
				GCC_PREPROCESSOR_DEFINITIONS = (
					"DEBUG=1",
					"$(inherited)",
				);
				GCC_WARN_64_TO_32_BIT_CONVERSION = YES;
				GCC_WARN_ABOUT_RETURN_TYPE = YES_ERROR;
				GCC_WARN_UNDECLARED_SELECTOR = YES;
				GCC_WARN_UNINITIALIZED_AUTOS = YES_AGGRESSIVE;
				GCC_WARN_UNUSED_FUNCTION = YES;
				GCC_WARN_UNUSED_VARIABLE = YES;
				IPHONEOS_DEPLOYMENT_TARGET = 13.0;
				MTL_ENABLE_DEBUG_INFO = INCLUDE_SOURCE;
				MTL_FAST_MATH = YES;
				ONLY_ACTIVE_ARCH = YES;
				SDKROOT = iphoneos;
				SWIFT_ACTIVE_COMPILATION_CONDITIONS = DEBUG;
				SWIFT_OPTIMIZATION_LEVEL = "-Onone";
			};
			name = Debug;
		};
		92530CCE23640880002ECF72 /* Release */ = {
			isa = XCBuildConfiguration;
			buildSettings = {
				ALWAYS_SEARCH_USER_PATHS = NO;
				CLANG_ANALYZER_NONNULL = YES;
				CLANG_ANALYZER_NUMBER_OBJECT_CONVERSION = YES_AGGRESSIVE;
				CLANG_CXX_LANGUAGE_STANDARD = "gnu++14";
				CLANG_CXX_LIBRARY = "libc++";
				CLANG_ENABLE_MODULES = YES;
				CLANG_ENABLE_OBJC_ARC = YES;
				CLANG_ENABLE_OBJC_WEAK = YES;
				CLANG_WARN_BLOCK_CAPTURE_AUTORELEASING = YES;
				CLANG_WARN_BOOL_CONVERSION = YES;
				CLANG_WARN_COMMA = YES;
				CLANG_WARN_CONSTANT_CONVERSION = YES;
				CLANG_WARN_DEPRECATED_OBJC_IMPLEMENTATIONS = YES;
				CLANG_WARN_DIRECT_OBJC_ISA_USAGE = YES_ERROR;
				CLANG_WARN_DOCUMENTATION_COMMENTS = YES;
				CLANG_WARN_EMPTY_BODY = YES;
				CLANG_WARN_ENUM_CONVERSION = YES;
				CLANG_WARN_INFINITE_RECURSION = YES;
				CLANG_WARN_INT_CONVERSION = YES;
				CLANG_WARN_NON_LITERAL_NULL_CONVERSION = YES;
				CLANG_WARN_OBJC_IMPLICIT_RETAIN_SELF = YES;
				CLANG_WARN_OBJC_LITERAL_CONVERSION = YES;
				CLANG_WARN_OBJC_ROOT_CLASS = YES_ERROR;
				CLANG_WARN_RANGE_LOOP_ANALYSIS = YES;
				CLANG_WARN_STRICT_PROTOTYPES = YES;
				CLANG_WARN_SUSPICIOUS_MOVE = YES;
				CLANG_WARN_UNGUARDED_AVAILABILITY = YES_AGGRESSIVE;
				CLANG_WARN_UNREACHABLE_CODE = YES;
				CLANG_WARN__DUPLICATE_METHOD_MATCH = YES;
				COPY_PHASE_STRIP = NO;
				DEBUG_INFORMATION_FORMAT = "dwarf-with-dsym";
				ENABLE_NS_ASSERTIONS = NO;
				ENABLE_STRICT_OBJC_MSGSEND = YES;
				GCC_C_LANGUAGE_STANDARD = gnu11;
				GCC_NO_COMMON_BLOCKS = YES;
				GCC_WARN_64_TO_32_BIT_CONVERSION = YES;
				GCC_WARN_ABOUT_RETURN_TYPE = YES_ERROR;
				GCC_WARN_UNDECLARED_SELECTOR = YES;
				GCC_WARN_UNINITIALIZED_AUTOS = YES_AGGRESSIVE;
				GCC_WARN_UNUSED_FUNCTION = YES;
				GCC_WARN_UNUSED_VARIABLE = YES;
				IPHONEOS_DEPLOYMENT_TARGET = 13.0;
				MTL_ENABLE_DEBUG_INFO = NO;
				MTL_FAST_MATH = YES;
				SDKROOT = iphoneos;
				SWIFT_COMPILATION_MODE = wholemodule;
				SWIFT_OPTIMIZATION_LEVEL = "-O";
				VALIDATE_PRODUCT = YES;
			};
			name = Release;
		};
		92530CD023640880002ECF72 /* Debug */ = {
			isa = XCBuildConfiguration;
			buildSettings = {
				ASSETCATALOG_COMPILER_APPICON_NAME = AppIcon;
				CODE_SIGN_STYLE = Automatic;
				DEVELOPMENT_TEAM = 3G95JV9S9H;
				INFOPLIST_FILE = CustomTabBarBezier/Info.plist;
				LD_RUNPATH_SEARCH_PATHS = (
					"$(inherited)",
					"@executable_path/Frameworks",
				);
				PRODUCT_BUNDLE_IDENTIFIER = com.AmanChawla.CustomTabBarBezier;
				PRODUCT_NAME = "$(TARGET_NAME)";
				SWIFT_VERSION = 5.0;
				TARGETED_DEVICE_FAMILY = "1,2";
			};
			name = Debug;
		};
		92530CD123640880002ECF72 /* Release */ = {
			isa = XCBuildConfiguration;
			buildSettings = {
				ASSETCATALOG_COMPILER_APPICON_NAME = AppIcon;
				CODE_SIGN_STYLE = Automatic;
				DEVELOPMENT_TEAM = 3G95JV9S9H;
				INFOPLIST_FILE = CustomTabBarBezier/Info.plist;
				LD_RUNPATH_SEARCH_PATHS = (
					"$(inherited)",
					"@executable_path/Frameworks",
				);
				PRODUCT_BUNDLE_IDENTIFIER = com.AmanChawla.CustomTabBarBezier;
				PRODUCT_NAME = "$(TARGET_NAME)";
				SWIFT_VERSION = 5.0;
				TARGETED_DEVICE_FAMILY = "1,2";
			};
			name = Release;
		};
/* End XCBuildConfiguration section */

/* Begin XCConfigurationList section */
		92530CB62364087E002ECF72 /* Build configuration list for PBXProject "CustomTabBarBezier" */ = {
			isa = XCConfigurationList;
			buildConfigurations = (
				92530CCD23640880002ECF72 /* Debug */,
				92530CCE23640880002ECF72 /* Release */,
			);
			defaultConfigurationIsVisible = 0;
			defaultConfigurationName = Release;
		};
		92530CCF23640880002ECF72 /* Build configuration list for PBXNativeTarget "CustomTabBarBezier" */ = {
			isa = XCConfigurationList;
			buildConfigurations = (
				92530CD023640880002ECF72 /* Debug */,
				92530CD123640880002ECF72 /* Release */,
			);
			defaultConfigurationIsVisible = 0;
			defaultConfigurationName = Release;
		};
/* End XCConfigurationList section */
	};
	rootObject = 92530CB32364087E002ECF72 /* Project object */;
}
